<?xml version="1.0" encoding="utf-8"?>
<Project ToolsVersion="4.0" xmlns="http://schemas.microsoft.com/developer/msbuild/2003">
  <ItemGroup>
    <Filter Include="Source Files">
      <UniqueIdentifier>{4FC737F1-C7A5-4376-A066-2A32D752A2FF}</UniqueIdentifier>
      <Extensions>cpp;c;cc;cxx;def;odl;idl;hpj;bat;asm;asmx</Extensions>
    </Filter>
    <Filter Include="Header Files">
      <UniqueIdentifier>{93995380-89BD-4b04-88EB-625FBE52EBFB}</UniqueIdentifier>
      <Extensions>h;hh;hpp;hxx;hm;inl;inc;xsd</Extensions>
    </Filter>
    <Filter Include="Resource Files">
      <UniqueIdentifier>{67DA6AB6-F800-4c08-8B7A-83BB121AAD01}</UniqueIdentifier>
      <Extensions>rc;ico;cur;bmp;dlg;rc2;rct;bin;rgs;gif;jpg;jpeg;jpe;resx;tiff;tif;png;wav;mfcribbon-ms</Extensions>
    </Filter>
    <Filter Include="Source Files\Core">
      <UniqueIdentifier>{a3b5cd21-fb82-4f50-a1fc-84b18343fb94}</UniqueIdentifier>
    </Filter>
    <Filter Include="Header Files\Core">
      <UniqueIdentifier>{2417aee6-8fb5-49f8-8026-6796dfa615f1}</UniqueIdentifier>
    </Filter>
    <Filter Include="Source Files\Component">
      <UniqueIdentifier>{518e1837-f3d7-4101-8df2-2bc2aec5ceb1}</UniqueIdentifier>
    </Filter>
    <Filter Include="Source Files\Traverser">
      <UniqueIdentifier>{23a019e1-4d48-4ca5-ad5b-e672088ec19f}</UniqueIdentifier>
    </Filter>
    <Filter Include="Header Files\Component">
      <UniqueIdentifier>{aa531239-add9-4dea-b225-97e6b8e078df}</UniqueIdentifier>
    </Filter>
    <Filter Include="Header Files\Traverser">
      <UniqueIdentifier>{022f93bb-c06d-44b1-b21a-3b158ded63a8}</UniqueIdentifier>
    </Filter>
    <Filter Include="glsl">
      <UniqueIdentifier>{0af7f1f9-7951-41a9-a532-60067e41b452}</UniqueIdentifier>
    </Filter>
  </ItemGroup>
  <ItemGroup>
    <ClCompile Include="ShaderClass.cpp">
      <Filter>Source Files</Filter>
    </ClCompile>
    <ClCompile Include="Renderer.cpp">
      <Filter>Source Files</Filter>
    </ClCompile>
    <ClCompile Include="Geometry.cpp">
      <Filter>Source Files</Filter>
    </ClCompile>
    <ClCompile Include="Viewer.cpp">
      <Filter>Source Files</Filter>
    </ClCompile>
    <ClCompile Include="Core.cpp">
      <Filter>Source Files\Core</Filter>
    </ClCompile>
    <ClCompile Include="GeometryCore.cpp">
      <Filter>Source Files\Core</Filter>
    </ClCompile>
    <ClCompile Include="TextureCore.cpp">
      <Filter>Source Files\Core</Filter>
    </ClCompile>
    <ClCompile Include="ShaderCore.cpp">
      <Filter>Source Files\Core</Filter>
    </ClCompile>
    <ClCompile Include="Camera.cpp">
      <Filter>Source Files\Component</Filter>
    </ClCompile>
    <ClCompile Include="Component.cpp">
      <Filter>Source Files\Component</Filter>
    </ClCompile>
    <ClCompile Include="RenderTraverser.cpp">
      <Filter>Source Files\Traverser</Filter>
    </ClCompile>
    <ClCompile Include="Traverser.cpp">
      <Filter>Source Files\Traverser</Filter>
    </ClCompile>
    <ClCompile Include="FileReader.cpp">
      <Filter>Source Files</Filter>
    </ClCompile>
    <ClCompile Include="RenderState.cpp">
      <Filter>Source Files</Filter>
    </ClCompile>
    <ClCompile Include="MatrixStack.cpp">
      <Filter>Source Files</Filter>
    </ClCompile>
    <ClCompile Include="Scene.cpp">
      <Filter>Source Files\Component</Filter>
    </ClCompile>
    <ClCompile Include="GameObject.cpp">
      <Filter>Source Files\Component</Filter>
    </ClCompile>
    <ClCompile Include="Transformation.cpp">
      <Filter>Source Files</Filter>
    </ClCompile>
    <ClCompile Include="Randomizer.cpp">
      <Filter>Source Files</Filter>
    </ClCompile>
    <ClCompile Include="LightTraverser.cpp">
      <Filter>Source Files\Traverser</Filter>
    </ClCompile>
    <ClCompile Include="Light.cpp">
      <Filter>Source Files\Component</Filter>
    </ClCompile>
    <ClCompile Include="Leaf.cpp">
      <Filter>Source Files\Component</Filter>
    </ClCompile>
    <ClCompile Include="LogicTraverser.cpp">
      <Filter>Source Files\Traverser</Filter>
    </ClCompile>
    <ClCompile Include="Texture.cpp">
      <Filter>Source Files</Filter>
    </ClCompile>
    <ClCompile Include="Skybox.cpp">
      <Filter>Source Files</Filter>
    </ClCompile>
  </ItemGroup>
  <ItemGroup>
    <None Include="packages.config" />
    <None Include="..\glsl\texture.vert">
      <Filter>glsl</Filter>
    </None>
    <None Include="..\glsl\body.frag">
      <Filter>glsl</Filter>
    </None>
    <None Include="..\glsl\body.vert">
      <Filter>glsl</Filter>
    </None>
    <None Include="..\glsl\default.frag">
      <Filter>glsl</Filter>
    </None>
    <None Include="..\glsl\default.vert">
      <Filter>glsl</Filter>
    </None>
    <None Include="..\glsl\points.frag">
      <Filter>glsl</Filter>
    </None>
    <None Include="..\glsl\points.vert">
      <Filter>glsl</Filter>
    </None>
    <None Include="..\glsl\shadow.frag">
      <Filter>glsl</Filter>
    </None>
    <None Include="..\glsl\shadow.vert">
      <Filter>glsl</Filter>
    </None>
    <None Include="..\glsl\skeleton.frag">
      <Filter>glsl</Filter>
    </None>
    <None Include="..\glsl\skeleton.vert">
      <Filter>glsl</Filter>
    </None>
    <None Include="..\glsl\texture.frag">
      <Filter>glsl</Filter>
    </None>
    <None Include="..\glsl\phong.frag">
      <Filter>glsl</Filter>
    </None>
    <None Include="..\glsl\phong.vert">
      <Filter>glsl</Filter>
    </None>
    <None Include="..\glsl\skybox.frag">
      <Filter>glsl</Filter>
    </None>
    <None Include="..\glsl\skybox.vert">
      <Filter>glsl</Filter>
    </None>
  </ItemGroup>
  <ItemGroup>
    <ClInclude Include="ShaderClass.h">
      <Filter>Header Files</Filter>
    </ClInclude>
    <ClInclude Include="Renderer.h">
      <Filter>Header Files</Filter>
    </ClInclude>
    <ClInclude Include="Geometry.h">
      <Filter>Header Files</Filter>
    </ClInclude>
    <ClInclude Include="Viewer.h">
      <Filter>Header Files</Filter>
    </ClInclude>
    <ClInclude Include="Core.h">
      <Filter>Header Files\Core</Filter>
    </ClInclude>
    <ClInclude Include="GeometryCore.h">
      <Filter>Header Files\Core</Filter>
    </ClInclude>
    <ClInclude Include="ShaderCore.h">
      <Filter>Header Files\Core</Filter>
    </ClInclude>
    <ClInclude Include="TextureCore.h">
      <Filter>Header Files\Core</Filter>
    </ClInclude>
    <ClInclude Include="Camera.h">
      <Filter>Header Files\Component</Filter>
    </ClInclude>
    <ClInclude Include="Component.h">
      <Filter>Header Files\Component</Filter>
    </ClInclude>
    <ClInclude Include="Traverser.h">
      <Filter>Header Files\Traverser</Filter>
    </ClInclude>
    <ClInclude Include="RenderTraverser.h">
      <Filter>Header Files\Traverser</Filter>
    </ClInclude>
    <ClInclude Include="FileReader.h">
      <Filter>Header Files</Filter>
    </ClInclude>
    <ClInclude Include="RenderState.h">
      <Filter>Header Files</Filter>
    </ClInclude>
    <ClInclude Include="MatrixStack.h">
      <Filter>Header Files</Filter>
    </ClInclude>
    <ClInclude Include="Scene.h">
      <Filter>Header Files\Component</Filter>
    </ClInclude>
    <ClInclude Include="GameObject.h">
      <Filter>Header Files\Component</Filter>
    </ClInclude>
    <ClInclude Include="Transformation.h">
      <Filter>Header Files</Filter>
    </ClInclude>
    <ClInclude Include="Randomizer.h">
      <Filter>Header Files</Filter>
    </ClInclude>
    <ClInclude Include="LightTraverser.h">
      <Filter>Header Files\Traverser</Filter>
    </ClInclude>
    <ClInclude Include="Light.h">
      <Filter>Header Files\Component</Filter>
    </ClInclude>
    <ClInclude Include="Leaf.h">
      <Filter>Header Files\Component</Filter>
    </ClInclude>
    <ClInclude Include="LogicTraverser.h">
      <Filter>Header Files\Traverser</Filter>
    </ClInclude>
    <ClInclude Include="Texture.h">
      <Filter>Header Files</Filter>
    </ClInclude>
    <ClInclude Include="Skybox.h">
      <Filter>Header Files</Filter>
    </ClInclude>
  </ItemGroup>
</Project>